
Microsoft Visual Studio Solution File, Format Version 12.00
# Visual Studio Version 17
VisualStudioVersion = 17.2.32526.322
MinimumVisualStudioVersion = 10.0.40219.1
Project("{FAE04EC0-301F-11D3-BF4B-00C04F79EFBC}") = "WebtronicsTestWPF", "WebtronicsTestWPF\WebtronicsTestWPF.csproj", "{B7C3B6D9-EA06-47F3-96FF-9B677224487C}"
EndProject
Global
	GlobalSection(SolutionConfigurationPlatforms) = preSolution
		Debug|Any CPU = Debug|Any CPU
		Release|Any CPU = Release|Any CPU
	EndGlobalSection
	GlobalSection(ProjectConfigurationPlatforms) = postSolution
		{B7C3B6D9-EA06-47F3-96FF-9B677224487C}.Debug|Any CPU.ActiveCfg = Debug|Any CPU
		{B7C3B6D9-EA06-47F3-96FF-9B677224487C}.Debug|Any CPU.Build.0 = Debug|Any CPU
		{B7C3B6D9-EA06-47F3-96FF-9B677224487C}.Release|Any CPU.ActiveCfg = Release|Any CPU
		{B7C3B6D9-EA06-47F3-96FF-9B677224487C}.Release|Any CPU.Build.0 = Release|Any CPU
	EndGlobalSection
	GlobalSection(SolutionProperties) = preSolution
		HideSolutionNode = FALSE
	EndGlobalSection
	GlobalSection(ExtensibilityGlobals) = postSolution
		SolutionGuid = {B060D9D3-AE00-42FD-B6E2-CED555EA0CB8}
	EndGlobalSection
EndGlobal
